
Microsoft Visual Studio Solution File, Format Version 12.00
# Visual Studio Version 16
VisualStudioVersion = 16.0.32630.194
MinimumVisualStudioVersion = 10.0.40219.1
Project("{FAE04EC0-301F-11D3-BF4B-00C04F79EFBC}") = "VigesimoPrimeiroDesafio", "VigesimoPrimeiroDesafio\VigesimoPrimeiroDesafio.csproj", "{CCBA2890-785B-435F-9E3A-05955A504681}"
EndProject
Global
	GlobalSection(SolutionConfigurationPlatforms) = preSolution
		Debug|Any CPU = Debug|Any CPU
		Release|Any CPU = Release|Any CPU
	EndGlobalSection
	GlobalSection(ProjectConfigurationPlatforms) = postSolution
		{CCBA2890-785B-435F-9E3A-05955A504681}.Debug|Any CPU.ActiveCfg = Debug|Any CPU
		{CCBA2890-785B-435F-9E3A-05955A504681}.Debug|Any CPU.Build.0 = Debug|Any CPU
		{CCBA2890-785B-435F-9E3A-05955A504681}.Release|Any CPU.ActiveCfg = Release|Any CPU
		{CCBA2890-785B-435F-9E3A-05955A504681}.Release|Any CPU.Build.0 = Release|Any CPU
	EndGlobalSection
	GlobalSection(SolutionProperties) = preSolution
		HideSolutionNode = FALSE
	EndGlobalSection
	GlobalSection(ExtensibilityGlobals) = postSolution
		SolutionGuid = {27EE33F0-DA1B-4EE6-894D-0B977FADEF03}
	EndGlobalSection
EndGlobal
